
Microsoft Visual Studio Solution File, Format Version 12.00
# Visual Studio Version 16
VisualStudioVersion = 16.0.33920.266
MinimumVisualStudioVersion = 10.0.40219.1
Project("{FAE04EC0-301F-11D3-BF4B-00C04F79EFBC}") = "task2", "task2.csproj", "{1018F2DA-1CDC-4617-AB9A-7DEFE37891D7}"
EndProject
Global
	GlobalSection(SolutionConfigurationPlatforms) = preSolution
		Debug|Any CPU = Debug|Any CPU
		Release|Any CPU = Release|Any CPU
	EndGlobalSection
	GlobalSection(ProjectConfigurationPlatforms) = postSolution
		{1018F2DA-1CDC-4617-AB9A-7DEFE37891D7}.Debug|Any CPU.ActiveCfg = Debug|Any CPU
		{1018F2DA-1CDC-4617-AB9A-7DEFE37891D7}.Debug|Any CPU.Build.0 = Debug|Any CPU
		{1018F2DA-1CDC-4617-AB9A-7DEFE37891D7}.Release|Any CPU.ActiveCfg = Release|Any CPU
		{1018F2DA-1CDC-4617-AB9A-7DEFE37891D7}.Release|Any CPU.Build.0 = Release|Any CPU
	EndGlobalSection
	GlobalSection(SolutionProperties) = preSolution
		HideSolutionNode = FALSE
	EndGlobalSection
	GlobalSection(ExtensibilityGlobals) = postSolution
		SolutionGuid = {C9697E90-EB42-46EF-8F92-6ED6CA75DBC7}
	EndGlobalSection
EndGlobal
